<Solution>
  <Configurations>
    <Platform Name="x64" />
    <Platform Name="x86" />
  </Configurations>
  <Project Path="D:/Microsoft/SDL3-3.4.0/VisualC/SDL/SDL.vcxproj" Id="81ce8daf-ebb2-4761-8e45-b71abcca8c68" />
  <Project Path="D:/Microsoft/SDL3_image-3.4.2/VisualC/SDL_image.vcxproj" Id="2bd5534e-00e2-4bea-ac96-d9a92ea24696" />
  <Project Path="TimberGame/TimberGame.vcxproj" Id="b39fe3e3-d080-41c7-a653-50d1787224ab" />
</Solution>
